
Microsoft Visual Studio Solution File, Format Version 12.00
# Visual Studio Version 16
VisualStudioVersion = 25.0.1706.7
MinimumVisualStudioVersion = 10.0.40219.1
Project("{FAE04EC0-301F-11D3-BF4B-00C04F79EFBC}") = "PasswordValidation.Test", "PasswordValidation.Test\PasswordValidation.Test.csproj", "{A3353F61-D7D1-4CE5-819D-94D28605B748}"
EndProject
Project("{FAE04EC0-301F-11D3-BF4B-00C04F79EFBC}") = "PasswordValidation", "PasswordValidation\PasswordValidation.csproj", "{1FAE6296-7E73-4B64-B91C-F162E1DE7EFD}"
EndProject
Global
	GlobalSection(SolutionConfigurationPlatforms) = preSolution
		Debug|Any CPU = Debug|Any CPU
		Release|Any CPU = Release|Any CPU
	EndGlobalSection
	GlobalSection(ProjectConfigurationPlatforms) = postSolution
		{A3353F61-D7D1-4CE5-819D-94D28605B748}.Debug|Any CPU.ActiveCfg = Debug|Any CPU
		{A3353F61-D7D1-4CE5-819D-94D28605B748}.Debug|Any CPU.Build.0 = Debug|Any CPU
		{A3353F61-D7D1-4CE5-819D-94D28605B748}.Release|Any CPU.ActiveCfg = Release|Any CPU
		{A3353F61-D7D1-4CE5-819D-94D28605B748}.Release|Any CPU.Build.0 = Release|Any CPU
		{1FAE6296-7E73-4B64-B91C-F162E1DE7EFD}.Debug|Any CPU.ActiveCfg = Debug|Any CPU
		{1FAE6296-7E73-4B64-B91C-F162E1DE7EFD}.Debug|Any CPU.Build.0 = Debug|Any CPU
		{1FAE6296-7E73-4B64-B91C-F162E1DE7EFD}.Release|Any CPU.ActiveCfg = Release|Any CPU
		{1FAE6296-7E73-4B64-B91C-F162E1DE7EFD}.Release|Any CPU.Build.0 = Release|Any CPU
	EndGlobalSection
	GlobalSection(SolutionProperties) = preSolution
		HideSolutionNode = FALSE
	EndGlobalSection
	GlobalSection(ExtensibilityGlobals) = postSolution
		SolutionGuid = {6F781D59-354A-412B-9763-502BC14CAF46}
	EndGlobalSection
EndGlobal
