
Microsoft Visual Studio Solution File, Format Version 12.00
# Visual Studio Version 16
VisualStudioVersion = 25.0.1706.7
MinimumVisualStudioVersion = 10.0.40219.1
Project("{FAE04EC0-301F-11D3-BF4B-00C04F79EFBC}") = "EnumerariSiStructuriTest2-3", "EnumerariSiStructuriTest2-3\EnumerariSiStructuriTest2-3.csproj", "{7DECC70C-AD35-48DF-AC16-193979B15EF6}"
EndProject
Global
	GlobalSection(SolutionConfigurationPlatforms) = preSolution
		Debug|Any CPU = Debug|Any CPU
		Release|Any CPU = Release|Any CPU
	EndGlobalSection
	GlobalSection(ProjectConfigurationPlatforms) = postSolution
		{7DECC70C-AD35-48DF-AC16-193979B15EF6}.Debug|Any CPU.ActiveCfg = Debug|Any CPU
		{7DECC70C-AD35-48DF-AC16-193979B15EF6}.Debug|Any CPU.Build.0 = Debug|Any CPU
		{7DECC70C-AD35-48DF-AC16-193979B15EF6}.Release|Any CPU.ActiveCfg = Release|Any CPU
		{7DECC70C-AD35-48DF-AC16-193979B15EF6}.Release|Any CPU.Build.0 = Release|Any CPU
	EndGlobalSection
	GlobalSection(SolutionProperties) = preSolution
		HideSolutionNode = FALSE
	EndGlobalSection
	GlobalSection(ExtensibilityGlobals) = postSolution
		SolutionGuid = {C961A9F0-2EDF-4E19-8034-98F1733094D6}
	EndGlobalSection
EndGlobal
