
Microsoft Visual Studio Solution File, Format Version 12.00
# Visual Studio Version 16
VisualStudioVersion = 25.0.1706.6
MinimumVisualStudioVersion = 10.0.40219.1
Project("{FAE04EC0-301F-11D3-BF4B-00C04F79EFBC}") = "ReprezentareDatelorInMemorie2", "ReprezentareDatelorInMemorie2\ReprezentareDatelorInMemorie2.csproj", "{D4212241-5975-4A05-ABC9-60821ABA021B}"
EndProject
Global
	GlobalSection(SolutionConfigurationPlatforms) = preSolution
		Debug|Any CPU = Debug|Any CPU
		Release|Any CPU = Release|Any CPU
	EndGlobalSection
	GlobalSection(ProjectConfigurationPlatforms) = postSolution
		{D4212241-5975-4A05-ABC9-60821ABA021B}.Debug|Any CPU.ActiveCfg = Debug|Any CPU
		{D4212241-5975-4A05-ABC9-60821ABA021B}.Debug|Any CPU.Build.0 = Debug|Any CPU
		{D4212241-5975-4A05-ABC9-60821ABA021B}.Release|Any CPU.ActiveCfg = Release|Any CPU
		{D4212241-5975-4A05-ABC9-60821ABA021B}.Release|Any CPU.Build.0 = Release|Any CPU
	EndGlobalSection
	GlobalSection(SolutionProperties) = preSolution
		HideSolutionNode = FALSE
	EndGlobalSection
	GlobalSection(ExtensibilityGlobals) = postSolution
		SolutionGuid = {F7B98481-30C9-4906-A6DB-C51B2BC937F4}
	EndGlobalSection
EndGlobal
