
Microsoft Visual Studio Solution File, Format Version 12.00
# Visual Studio Version 16
VisualStudioVersion = 25.0.1706.4
MinimumVisualStudioVersion = 10.0.40219.1
Project("{FAE04EC0-301F-11D3-BF4B-00C04F79EFBC}") = "VariabileSiExpresiiTest4", "VariabileSiExpresiiTest4\VariabileSiExpresiiTest4.csproj", "{004A4781-EFE6-4F30-BEAF-325F65BA6206}"
EndProject
Global
	GlobalSection(SolutionConfigurationPlatforms) = preSolution
		Debug|Any CPU = Debug|Any CPU
		Release|Any CPU = Release|Any CPU
	EndGlobalSection
	GlobalSection(ProjectConfigurationPlatforms) = postSolution
		{004A4781-EFE6-4F30-BEAF-325F65BA6206}.Debug|Any CPU.ActiveCfg = Debug|Any CPU
		{004A4781-EFE6-4F30-BEAF-325F65BA6206}.Debug|Any CPU.Build.0 = Debug|Any CPU
		{004A4781-EFE6-4F30-BEAF-325F65BA6206}.Release|Any CPU.ActiveCfg = Release|Any CPU
		{004A4781-EFE6-4F30-BEAF-325F65BA6206}.Release|Any CPU.Build.0 = Release|Any CPU
	EndGlobalSection
	GlobalSection(SolutionProperties) = preSolution
		HideSolutionNode = FALSE
	EndGlobalSection
	GlobalSection(ExtensibilityGlobals) = postSolution
		SolutionGuid = {53E73491-674B-4012-8D20-73C92106A9FA}
	EndGlobalSection
EndGlobal
