
Microsoft Visual Studio Solution File, Format Version 12.00
# Visual Studio Version 16
VisualStudioVersion = 25.0.1706.4
MinimumVisualStudioVersion = 10.0.40219.1
Project("{FAE04EC0-301F-11D3-BF4B-00C04F79EFBC}") = "JuniorMindProj1", "JuniorMindProj1\JuniorMindProj1.csproj", "{94444026-D4BA-4692-95A3-534C54B6E2EE}"
EndProject
Global
	GlobalSection(SolutionConfigurationPlatforms) = preSolution
		Debug|Any CPU = Debug|Any CPU
		Release|Any CPU = Release|Any CPU
	EndGlobalSection
	GlobalSection(ProjectConfigurationPlatforms) = postSolution
		{94444026-D4BA-4692-95A3-534C54B6E2EE}.Debug|Any CPU.ActiveCfg = Debug|Any CPU
		{94444026-D4BA-4692-95A3-534C54B6E2EE}.Debug|Any CPU.Build.0 = Debug|Any CPU
		{94444026-D4BA-4692-95A3-534C54B6E2EE}.Release|Any CPU.ActiveCfg = Release|Any CPU
		{94444026-D4BA-4692-95A3-534C54B6E2EE}.Release|Any CPU.Build.0 = Release|Any CPU
	EndGlobalSection
	GlobalSection(SolutionProperties) = preSolution
		HideSolutionNode = FALSE
	EndGlobalSection
	GlobalSection(ExtensibilityGlobals) = postSolution
		SolutionGuid = {D38B5E4B-4F8D-4452-8936-36919086D1AE}
	EndGlobalSection
EndGlobal
