
Microsoft Visual Studio Solution File, Format Version 12.00
# Visual Studio Version 16
VisualStudioVersion = 25.0.1706.7
MinimumVisualStudioVersion = 10.0.40219.1
Project("{FAE04EC0-301F-11D3-BF4B-00C04F79EFBC}") = "CautareSiOrdonareTest2-2", "CautareSiOrdonareTest2-2\CautareSiOrdonareTest2-2.csproj", "{72248AEE-52E2-45AC-A24D-E810B0C31ECD}"
EndProject
Global
	GlobalSection(SolutionConfigurationPlatforms) = preSolution
		Debug|Any CPU = Debug|Any CPU
		Release|Any CPU = Release|Any CPU
	EndGlobalSection
	GlobalSection(ProjectConfigurationPlatforms) = postSolution
		{72248AEE-52E2-45AC-A24D-E810B0C31ECD}.Debug|Any CPU.ActiveCfg = Debug|Any CPU
		{72248AEE-52E2-45AC-A24D-E810B0C31ECD}.Debug|Any CPU.Build.0 = Debug|Any CPU
		{72248AEE-52E2-45AC-A24D-E810B0C31ECD}.Release|Any CPU.ActiveCfg = Release|Any CPU
		{72248AEE-52E2-45AC-A24D-E810B0C31ECD}.Release|Any CPU.Build.0 = Release|Any CPU
	EndGlobalSection
	GlobalSection(SolutionProperties) = preSolution
		HideSolutionNode = FALSE
	EndGlobalSection
	GlobalSection(ExtensibilityGlobals) = postSolution
		SolutionGuid = {29F8850E-7698-41A3-B90D-410B58AE4553}
	EndGlobalSection
EndGlobal
