
Microsoft Visual Studio Solution File, Format Version 12.00
# Visual Studio Version 16
VisualStudioVersion = 25.0.1706.7
MinimumVisualStudioVersion = 10.0.40219.1
Project("{FAE04EC0-301F-11D3-BF4B-00C04F79EFBC}") = "CautareSiOrdonareTest2-4", "CautareSiOrdonareTest2-4\CautareSiOrdonareTest2-4.csproj", "{1479AB7C-FA07-4C3E-88D5-0BC31997680E}"
EndProject
Global
	GlobalSection(SolutionConfigurationPlatforms) = preSolution
		Debug|Any CPU = Debug|Any CPU
		Release|Any CPU = Release|Any CPU
	EndGlobalSection
	GlobalSection(ProjectConfigurationPlatforms) = postSolution
		{1479AB7C-FA07-4C3E-88D5-0BC31997680E}.Debug|Any CPU.ActiveCfg = Debug|Any CPU
		{1479AB7C-FA07-4C3E-88D5-0BC31997680E}.Debug|Any CPU.Build.0 = Debug|Any CPU
		{1479AB7C-FA07-4C3E-88D5-0BC31997680E}.Release|Any CPU.ActiveCfg = Release|Any CPU
		{1479AB7C-FA07-4C3E-88D5-0BC31997680E}.Release|Any CPU.Build.0 = Release|Any CPU
	EndGlobalSection
	GlobalSection(SolutionProperties) = preSolution
		HideSolutionNode = FALSE
	EndGlobalSection
	GlobalSection(ExtensibilityGlobals) = postSolution
		SolutionGuid = {0C51ED75-7B82-472D-B0BE-07DB63D4C84B}
	EndGlobalSection
EndGlobal
