
Microsoft Visual Studio Solution File, Format Version 12.00
# Visual Studio Version 16
VisualStudioVersion = 25.0.1706.7
MinimumVisualStudioVersion = 10.0.40219.1
Project("{FAE04EC0-301F-11D3-BF4B-00C04F79EFBC}") = "EnumerariSiStructuriTest2-2", "EnumerariSiStructuriTest2-2\EnumerariSiStructuriTest2-2.csproj", "{8C5A6AB1-963E-4783-8FD1-14D2146E9F60}"
EndProject
Global
	GlobalSection(SolutionConfigurationPlatforms) = preSolution
		Debug|Any CPU = Debug|Any CPU
		Release|Any CPU = Release|Any CPU
	EndGlobalSection
	GlobalSection(ProjectConfigurationPlatforms) = postSolution
		{8C5A6AB1-963E-4783-8FD1-14D2146E9F60}.Debug|Any CPU.ActiveCfg = Debug|Any CPU
		{8C5A6AB1-963E-4783-8FD1-14D2146E9F60}.Debug|Any CPU.Build.0 = Debug|Any CPU
		{8C5A6AB1-963E-4783-8FD1-14D2146E9F60}.Release|Any CPU.ActiveCfg = Release|Any CPU
		{8C5A6AB1-963E-4783-8FD1-14D2146E9F60}.Release|Any CPU.Build.0 = Release|Any CPU
	EndGlobalSection
	GlobalSection(SolutionProperties) = preSolution
		HideSolutionNode = FALSE
	EndGlobalSection
	GlobalSection(ExtensibilityGlobals) = postSolution
		SolutionGuid = {8BE2A4B1-892E-4205-AF3B-695F15D052E2}
	EndGlobalSection
EndGlobal
