
Microsoft Visual Studio Solution File, Format Version 12.00
# Visual Studio Version 16
VisualStudioVersion = 25.0.1706.6
MinimumVisualStudioVersion = 10.0.40219.1
Project("{FAE04EC0-301F-11D3-BF4B-00C04F79EFBC}") = "EnumerariSiStructuriTest1-2", "EnumerariSiStructuriTest1-2\EnumerariSiStructuriTest1-2.csproj", "{BC7AEA94-1134-441B-9EA0-8DCF159B1D16}"
EndProject
Global
	GlobalSection(SolutionConfigurationPlatforms) = preSolution
		Debug|Any CPU = Debug|Any CPU
		Release|Any CPU = Release|Any CPU
	EndGlobalSection
	GlobalSection(ProjectConfigurationPlatforms) = postSolution
		{BC7AEA94-1134-441B-9EA0-8DCF159B1D16}.Debug|Any CPU.ActiveCfg = Debug|Any CPU
		{BC7AEA94-1134-441B-9EA0-8DCF159B1D16}.Debug|Any CPU.Build.0 = Debug|Any CPU
		{BC7AEA94-1134-441B-9EA0-8DCF159B1D16}.Release|Any CPU.ActiveCfg = Release|Any CPU
		{BC7AEA94-1134-441B-9EA0-8DCF159B1D16}.Release|Any CPU.Build.0 = Release|Any CPU
	EndGlobalSection
	GlobalSection(SolutionProperties) = preSolution
		HideSolutionNode = FALSE
	EndGlobalSection
	GlobalSection(ExtensibilityGlobals) = postSolution
		SolutionGuid = {09243302-A55F-4EE3-AB38-3706C47FE155}
	EndGlobalSection
EndGlobal
