
Microsoft Visual Studio Solution File, Format Version 12.00
# Visual Studio Version 16
VisualStudioVersion = 25.0.1706.7
MinimumVisualStudioVersion = 10.0.40219.1
Project("{FAE04EC0-301F-11D3-BF4B-00C04F79EFBC}") = "PascalTriangle.Test", "PascalTriangle.Test\PascalTriangle.Test.csproj", "{ABBEFB32-7091-4082-9C65-4D43C140EC8F}"
EndProject
Project("{FAE04EC0-301F-11D3-BF4B-00C04F79EFBC}") = "PascalTriangle", "PascalTriangle\PascalTriangle.csproj", "{486102D3-4570-4677-B5DC-5A115CEB3751}"
EndProject
Global
	GlobalSection(SolutionConfigurationPlatforms) = preSolution
		Debug|Any CPU = Debug|Any CPU
		Release|Any CPU = Release|Any CPU
	EndGlobalSection
	GlobalSection(ProjectConfigurationPlatforms) = postSolution
		{ABBEFB32-7091-4082-9C65-4D43C140EC8F}.Debug|Any CPU.ActiveCfg = Debug|Any CPU
		{ABBEFB32-7091-4082-9C65-4D43C140EC8F}.Debug|Any CPU.Build.0 = Debug|Any CPU
		{ABBEFB32-7091-4082-9C65-4D43C140EC8F}.Release|Any CPU.ActiveCfg = Release|Any CPU
		{ABBEFB32-7091-4082-9C65-4D43C140EC8F}.Release|Any CPU.Build.0 = Release|Any CPU
		{486102D3-4570-4677-B5DC-5A115CEB3751}.Debug|Any CPU.ActiveCfg = Debug|Any CPU
		{486102D3-4570-4677-B5DC-5A115CEB3751}.Debug|Any CPU.Build.0 = Debug|Any CPU
		{486102D3-4570-4677-B5DC-5A115CEB3751}.Release|Any CPU.ActiveCfg = Release|Any CPU
		{486102D3-4570-4677-B5DC-5A115CEB3751}.Release|Any CPU.Build.0 = Release|Any CPU
	EndGlobalSection
	GlobalSection(SolutionProperties) = preSolution
		HideSolutionNode = FALSE
	EndGlobalSection
	GlobalSection(ExtensibilityGlobals) = postSolution
		SolutionGuid = {E4B5DE71-D23A-4013-B540-90041D873D2B}
	EndGlobalSection
EndGlobal
