
Microsoft Visual Studio Solution File, Format Version 12.00
# Visual Studio Version 16
VisualStudioVersion = 25.0.1706.6
MinimumVisualStudioVersion = 10.0.40219.1
Project("{FAE04EC0-301F-11D3-BF4B-00C04F79EFBC}") = "EnumerariSiStructuriTest1-1", "EnumerariSiStructuriTest1-1\EnumerariSiStructuriTest1-1.csproj", "{572865D2-CD09-481E-ADEF-C4443B6FDBF8}"
EndProject
Global
	GlobalSection(SolutionConfigurationPlatforms) = preSolution
		Debug|Any CPU = Debug|Any CPU
		Release|Any CPU = Release|Any CPU
	EndGlobalSection
	GlobalSection(ProjectConfigurationPlatforms) = postSolution
		{572865D2-CD09-481E-ADEF-C4443B6FDBF8}.Debug|Any CPU.ActiveCfg = Debug|Any CPU
		{572865D2-CD09-481E-ADEF-C4443B6FDBF8}.Debug|Any CPU.Build.0 = Debug|Any CPU
		{572865D2-CD09-481E-ADEF-C4443B6FDBF8}.Release|Any CPU.ActiveCfg = Release|Any CPU
		{572865D2-CD09-481E-ADEF-C4443B6FDBF8}.Release|Any CPU.Build.0 = Release|Any CPU
	EndGlobalSection
	GlobalSection(SolutionProperties) = preSolution
		HideSolutionNode = FALSE
	EndGlobalSection
	GlobalSection(ExtensibilityGlobals) = postSolution
		SolutionGuid = {0B2674E0-26C1-4C67-A318-202FF26D5373}
	EndGlobalSection
EndGlobal
