
Microsoft Visual Studio Solution File, Format Version 12.00
# Visual Studio Version 16
VisualStudioVersion = 25.0.1706.7
MinimumVisualStudioVersion = 10.0.40219.1
Project("{FAE04EC0-301F-11D3-BF4B-00C04F79EFBC}") = "RecursivitateTest1-2", "RecursivitateTest1-2\RecursivitateTest1-2.csproj", "{0F8CD2F0-E398-4BAD-920E-C0DB7D57B1CA}"
EndProject
Global
	GlobalSection(SolutionConfigurationPlatforms) = preSolution
		Debug|Any CPU = Debug|Any CPU
		Release|Any CPU = Release|Any CPU
	EndGlobalSection
	GlobalSection(ProjectConfigurationPlatforms) = postSolution
		{0F8CD2F0-E398-4BAD-920E-C0DB7D57B1CA}.Debug|Any CPU.ActiveCfg = Debug|Any CPU
		{0F8CD2F0-E398-4BAD-920E-C0DB7D57B1CA}.Debug|Any CPU.Build.0 = Debug|Any CPU
		{0F8CD2F0-E398-4BAD-920E-C0DB7D57B1CA}.Release|Any CPU.ActiveCfg = Release|Any CPU
		{0F8CD2F0-E398-4BAD-920E-C0DB7D57B1CA}.Release|Any CPU.Build.0 = Release|Any CPU
	EndGlobalSection
	GlobalSection(SolutionProperties) = preSolution
		HideSolutionNode = FALSE
	EndGlobalSection
	GlobalSection(ExtensibilityGlobals) = postSolution
		SolutionGuid = {6875628B-8D13-41EB-86DA-76B36DC2E173}
	EndGlobalSection
EndGlobal
